
Microsoft Visual Studio Solution File, Format Version 12.00
# Visual Studio Version 17
VisualStudioVersion = 17.11.35327.3
MinimumVisualStudioVersion = 10.0.40219.1
Project("{FAE04EC0-301F-11D3-BF4B-00C04F79EFBC}") = "AOC2024", "AOC2024\AOC2024.csproj", "{4A309DEB-AC4D-4A9C-8E73-256B6943F079}"
EndProject
Project("{FAE04EC0-301F-11D3-BF4B-00C04F79EFBC}") = "Tests", "Tests\Tests.csproj", "{8CE328BB-A1E7-494C-8564-8FE5B6A07E45}"
EndProject
Global
	GlobalSection(SolutionConfigurationPlatforms) = preSolution
		Debug|Any CPU = Debug|Any CPU
		Release|Any CPU = Release|Any CPU
	EndGlobalSection
	GlobalSection(ProjectConfigurationPlatforms) = postSolution
		{4A309DEB-AC4D-4A9C-8E73-256B6943F079}.Debug|Any CPU.ActiveCfg = Debug|Any CPU
		{4A309DEB-AC4D-4A9C-8E73-256B6943F079}.Debug|Any CPU.Build.0 = Debug|Any CPU
		{4A309DEB-AC4D-4A9C-8E73-256B6943F079}.Release|Any CPU.ActiveCfg = Release|Any CPU
		{4A309DEB-AC4D-4A9C-8E73-256B6943F079}.Release|Any CPU.Build.0 = Release|Any CPU
		{8CE328BB-A1E7-494C-8564-8FE5B6A07E45}.Debug|Any CPU.ActiveCfg = Debug|Any CPU
		{8CE328BB-A1E7-494C-8564-8FE5B6A07E45}.Debug|Any CPU.Build.0 = Debug|Any CPU
		{8CE328BB-A1E7-494C-8564-8FE5B6A07E45}.Release|Any CPU.ActiveCfg = Release|Any CPU
		{8CE328BB-A1E7-494C-8564-8FE5B6A07E45}.Release|Any CPU.Build.0 = Release|Any CPU
	EndGlobalSection
	GlobalSection(SolutionProperties) = preSolution
		HideSolutionNode = FALSE
	EndGlobalSection
	GlobalSection(ExtensibilityGlobals) = postSolution
		SolutionGuid = {9A8D8034-41A3-4A6A-AB45-CCBCFA186300}
	EndGlobalSection
EndGlobal
